Microsoft Visual Studio Solution File, Format Version 12.00
# Visual Studio 2012
Project("{FAE04EC0-301F-11D3-BF4B-00C04F79EFBC}") = "Canadian Poltical Process", "Canadian Poltical Process.csproj", "{A9724EA9-5475-4B14-BC1E-B5AD24515D48}"
EndProject
Global
	GlobalSection(SolutionConfigurationPlatforms) = preSolution
	Debug|Any CPU = Debug|Any CPU
	ExportDebug|Any CPU = ExportDebug|Any CPU
	ExportRelease|Any CPU = ExportRelease|Any CPU
	EndGlobalSection
	GlobalSection(ProjectConfigurationPlatforms) = postSolution
		{A9724EA9-5475-4B14-BC1E-B5AD24515D48}.Debug|Any CPU.ActiveCfg = Debug|Any CPU
		{A9724EA9-5475-4B14-BC1E-B5AD24515D48}.Debug|Any CPU.Build.0 = Debug|Any CPU
		{A9724EA9-5475-4B14-BC1E-B5AD24515D48}.ExportDebug|Any CPU.ActiveCfg = ExportDebug|Any CPU
		{A9724EA9-5475-4B14-BC1E-B5AD24515D48}.ExportDebug|Any CPU.Build.0 = ExportDebug|Any CPU
		{A9724EA9-5475-4B14-BC1E-B5AD24515D48}.ExportRelease|Any CPU.ActiveCfg = ExportRelease|Any CPU
		{A9724EA9-5475-4B14-BC1E-B5AD24515D48}.ExportRelease|Any CPU.Build.0 = ExportRelease|Any CPU
	EndGlobalSection
EndGlobal
